
Microsoft Visual Studio Solution File, Format Version 12.00
# Visual Studio 15
VisualStudioVersion = 15.0.28307.271
MinimumVisualStudioVersion = 10.0.40219.1
Project("{FAE04EC0-301F-11D3-BF4B-00C04F79EFBC}") = "TryItOut", "TryItOut\TryItOut.csproj", "{73733B31-3A7F-4B79-BAE1-2F9F7AFF8271}"
EndProject
Project("{FAE04EC0-301F-11D3-BF4B-00C04F79EFBC}") = "TryItOut.Tests", "TryItOut.Tests\TryItOut.Tests.csproj", "{B96ADA9F-1A7D-46C9-ABAB-F817B862BA28}"
EndProject
Project("{FAE04EC0-301F-11D3-BF4B-00C04F79EFBC}") = "TryItOut.CommonInterfaces", "TryItOut.CommonInterfaces\TryItOut.CommonInterfaces.csproj", "{A509C877-6BD7-441B-AE1C-1C219BBF8DF7}"
EndProject
Project("{FAE04EC0-301F-11D3-BF4B-00C04F79EFBC}") = "TryItOut.Service", "TryItOut.Logic\TryItOut.Service.csproj", "{5B917471-BAE3-4DCD-AC24-C19300DD0783}"
EndProject
Project("{FAE04EC0-301F-11D3-BF4B-00C04F79EFBC}") = "TryItOut.Domain", "TryItOut.Domain\TryItOut.Domain.csproj", "{CDB9DA78-D69F-402F-AD22-0D5A348DAD6F}"
EndProject
Project("{FAE04EC0-301F-11D3-BF4B-00C04F79EFBC}") = "TryItOut.DataAccess", "TryItOut.DataAccess\TryItOut.DataAccess.csproj", "{3DC85C1A-7F08-497D-BA1C-F1B75E7363D2}"
EndProject
Project("{2150E333-8FDC-42A3-9474-1A3956D46DE8}") = "1a.TryItOut.Presentation", "1a.TryItOut.Presentation", "{8FC0A7D4-6E11-405A-90AA-CF13AA41083B}"
EndProject
Project("{2150E333-8FDC-42A3-9474-1A3956D46DE8}") = "1b.TryItOut.Middleware", "1b.TryItOut.Middleware", "{6FAF2BDE-951F-4BC6-AF92-93E872AD7C0B}"
EndProject
Project("{2150E333-8FDC-42A3-9474-1A3956D46DE8}") = "2a.TryitOut.Service", "2a.TryitOut.Service", "{6CC9FF29-253B-4525-A43A-75E14CDE86D7}"
EndProject
Project("{2150E333-8FDC-42A3-9474-1A3956D46DE8}") = "3a.TryItOut.Repository", "3a.TryItOut.Repository", "{BD714A4B-D292-4EF1-A836-583ECD423082}"
EndProject
Project("{2150E333-8FDC-42A3-9474-1A3956D46DE8}") = "4a.TryItOut.Domain", "4a.TryItOut.Domain", "{3CA389D2-DB53-48C1-AAD3-63A4034523E4}"
EndProject
Project("{2150E333-8FDC-42A3-9474-1A3956D46DE8}") = "5a.TryItOut.Tests", "5a.TryItOut.Tests", "{8EBC3643-BA4B-4719-9CBA-81B411FC7A53}"
EndProject
Project("{9A19103F-16F7-4668-BE54-9A1E7A4F7556}") = "TryItOut.FileProcess", "Classes\TryItOut.FileProcess.csproj", "{73C709BC-3AB6-46DB-96AA-B6F990517293}"
EndProject
Project("{2150E333-8FDC-42A3-9474-1A3956D46DE8}") = "2b.TryItOut.Contracts", "2b.TryItOut.Contracts", "{7D810583-F144-40BA-BDFB-890C2DF52161}"
EndProject
Project("{FAE04EC0-301F-11D3-BF4B-00C04F79EFBC}") = "TryItOut.API", "TryItOut.API\TryItOut.API.csproj", "{47ED187D-F0F5-43DD-B887-35F830802248}"
EndProject
Project("{2150E333-8FDC-42A3-9474-1A3956D46DE8}") = "2c.Shared.Common", "2c.Shared.Common", "{3E77CFF2-D63E-4E96-9D84-0DABB6AAEC82}"
EndProject
Project("{FAE04EC0-301F-11D3-BF4B-00C04F79EFBC}") = "Common", "..\Tasks.Common\Common\Common\Common.csproj", "{08624976-B3F3-4E0E-B95B-6361ACA593F5}"
EndProject
Project("{FAE04EC0-301F-11D3-BF4B-00C04F79EFBC}") = "EntityFrameWork", "ConsoleApp1\EntityFrameWork.csproj", "{C9D70AAB-1D51-49F0-94E7-72ECEE2D3753}"
EndProject
Project("{FAE04EC0-301F-11D3-BF4B-00C04F79EFBC}") = "TryItOut.DataAccessEF", "TryItOut.DataAccessEF\TryItOut.DataAccessEF.csproj", "{2F524802-3773-40E4-89C8-264CCAE49FBD}"
EndProject
Global
	GlobalSection(SolutionConfigurationPlatforms) = preSolution
		Debug|Any CPU = Debug|Any CPU
		Release|Any CPU = Release|Any CPU
	EndGlobalSection
	GlobalSection(ProjectConfigurationPlatforms) = postSolution
		{73733B31-3A7F-4B79-BAE1-2F9F7AFF8271}.Debug|Any CPU.ActiveCfg = Debug|Any CPU
		{73733B31-3A7F-4B79-BAE1-2F9F7AFF8271}.Debug|Any CPU.Build.0 = Debug|Any CPU
		{73733B31-3A7F-4B79-BAE1-2F9F7AFF8271}.Release|Any CPU.ActiveCfg = Release|Any CPU
		{73733B31-3A7F-4B79-BAE1-2F9F7AFF8271}.Release|Any CPU.Build.0 = Release|Any CPU
		{B96ADA9F-1A7D-46C9-ABAB-F817B862BA28}.Debug|Any CPU.ActiveCfg = Debug|Any CPU
		{B96ADA9F-1A7D-46C9-ABAB-F817B862BA28}.Debug|Any CPU.Build.0 = Debug|Any CPU
		{B96ADA9F-1A7D-46C9-ABAB-F817B862BA28}.Release|Any CPU.ActiveCfg = Release|Any CPU
		{B96ADA9F-1A7D-46C9-ABAB-F817B862BA28}.Release|Any CPU.Build.0 = Release|Any CPU
		{A509C877-6BD7-441B-AE1C-1C219BBF8DF7}.Debug|Any CPU.ActiveCfg = Debug|Any CPU
		{A509C877-6BD7-441B-AE1C-1C219BBF8DF7}.Debug|Any CPU.Build.0 = Debug|Any CPU
		{A509C877-6BD7-441B-AE1C-1C219BBF8DF7}.Release|Any CPU.ActiveCfg = Release|Any CPU
		{A509C877-6BD7-441B-AE1C-1C219BBF8DF7}.Release|Any CPU.Build.0 = Release|Any CPU
		{5B917471-BAE3-4DCD-AC24-C19300DD0783}.Debug|Any CPU.ActiveCfg = Debug|Any CPU
		{5B917471-BAE3-4DCD-AC24-C19300DD0783}.Debug|Any CPU.Build.0 = Debug|Any CPU
		{5B917471-BAE3-4DCD-AC24-C19300DD0783}.Release|Any CPU.ActiveCfg = Release|Any CPU
		{5B917471-BAE3-4DCD-AC24-C19300DD0783}.Release|Any CPU.Build.0 = Release|Any CPU
		{CDB9DA78-D69F-402F-AD22-0D5A348DAD6F}.Debug|Any CPU.ActiveCfg = Debug|Any CPU
		{CDB9DA78-D69F-402F-AD22-0D5A348DAD6F}.Debug|Any CPU.Build.0 = Debug|Any CPU
		{CDB9DA78-D69F-402F-AD22-0D5A348DAD6F}.Release|Any CPU.ActiveCfg = Release|Any CPU
		{CDB9DA78-D69F-402F-AD22-0D5A348DAD6F}.Release|Any CPU.Build.0 = Release|Any CPU
		{3DC85C1A-7F08-497D-BA1C-F1B75E7363D2}.Debug|Any CPU.ActiveCfg = Debug|Any CPU
		{3DC85C1A-7F08-497D-BA1C-F1B75E7363D2}.Debug|Any CPU.Build.0 = Debug|Any CPU
		{3DC85C1A-7F08-497D-BA1C-F1B75E7363D2}.Release|Any CPU.ActiveCfg = Release|Any CPU
		{3DC85C1A-7F08-497D-BA1C-F1B75E7363D2}.Release|Any CPU.Build.0 = Release|Any CPU
		{73C709BC-3AB6-46DB-96AA-B6F990517293}.Debug|Any CPU.ActiveCfg = Debug|Any CPU
		{73C709BC-3AB6-46DB-96AA-B6F990517293}.Debug|Any CPU.Build.0 = Debug|Any CPU
		{73C709BC-3AB6-46DB-96AA-B6F990517293}.Release|Any CPU.ActiveCfg = Release|Any CPU
		{73C709BC-3AB6-46DB-96AA-B6F990517293}.Release|Any CPU.Build.0 = Release|Any CPU
		{47ED187D-F0F5-43DD-B887-35F830802248}.Debug|Any CPU.ActiveCfg = Debug|Any CPU
		{47ED187D-F0F5-43DD-B887-35F830802248}.Debug|Any CPU.Build.0 = Debug|Any CPU
		{47ED187D-F0F5-43DD-B887-35F830802248}.Release|Any CPU.ActiveCfg = Release|Any CPU
		{47ED187D-F0F5-43DD-B887-35F830802248}.Release|Any CPU.Build.0 = Release|Any CPU
		{08624976-B3F3-4E0E-B95B-6361ACA593F5}.Debug|Any CPU.ActiveCfg = Debug|Any CPU
		{08624976-B3F3-4E0E-B95B-6361ACA593F5}.Debug|Any CPU.Build.0 = Debug|Any CPU
		{08624976-B3F3-4E0E-B95B-6361ACA593F5}.Release|Any CPU.ActiveCfg = Release|Any CPU
		{08624976-B3F3-4E0E-B95B-6361ACA593F5}.Release|Any CPU.Build.0 = Release|Any CPU
		{C9D70AAB-1D51-49F0-94E7-72ECEE2D3753}.Debug|Any CPU.ActiveCfg = Debug|Any CPU
		{C9D70AAB-1D51-49F0-94E7-72ECEE2D3753}.Debug|Any CPU.Build.0 = Debug|Any CPU
		{C9D70AAB-1D51-49F0-94E7-72ECEE2D3753}.Release|Any CPU.ActiveCfg = Release|Any CPU
		{C9D70AAB-1D51-49F0-94E7-72ECEE2D3753}.Release|Any CPU.Build.0 = Release|Any CPU
		{2F524802-3773-40E4-89C8-264CCAE49FBD}.Debug|Any CPU.ActiveCfg = Debug|Any CPU
		{2F524802-3773-40E4-89C8-264CCAE49FBD}.Debug|Any CPU.Build.0 = Debug|Any CPU
		{2F524802-3773-40E4-89C8-264CCAE49FBD}.Release|Any CPU.ActiveCfg = Release|Any CPU
		{2F524802-3773-40E4-89C8-264CCAE49FBD}.Release|Any CPU.Build.0 = Release|Any CPU
	EndGlobalSection
	GlobalSection(SolutionProperties) = preSolution
		HideSolutionNode = FALSE
	EndGlobalSection
	GlobalSection(NestedProjects) = preSolution
		{73733B31-3A7F-4B79-BAE1-2F9F7AFF8271} = {8FC0A7D4-6E11-405A-90AA-CF13AA41083B}
		{B96ADA9F-1A7D-46C9-ABAB-F817B862BA28} = {8EBC3643-BA4B-4719-9CBA-81B411FC7A53}
		{A509C877-6BD7-441B-AE1C-1C219BBF8DF7} = {7D810583-F144-40BA-BDFB-890C2DF52161}
		{5B917471-BAE3-4DCD-AC24-C19300DD0783} = {6CC9FF29-253B-4525-A43A-75E14CDE86D7}
		{CDB9DA78-D69F-402F-AD22-0D5A348DAD6F} = {3CA389D2-DB53-48C1-AAD3-63A4034523E4}
		{3DC85C1A-7F08-497D-BA1C-F1B75E7363D2} = {BD714A4B-D292-4EF1-A836-583ECD423082}
		{73C709BC-3AB6-46DB-96AA-B6F990517293} = {6CC9FF29-253B-4525-A43A-75E14CDE86D7}
		{47ED187D-F0F5-43DD-B887-35F830802248} = {8FC0A7D4-6E11-405A-90AA-CF13AA41083B}
		{08624976-B3F3-4E0E-B95B-6361ACA593F5} = {3E77CFF2-D63E-4E96-9D84-0DABB6AAEC82}
		{C9D70AAB-1D51-49F0-94E7-72ECEE2D3753} = {6FAF2BDE-951F-4BC6-AF92-93E872AD7C0B}
		{2F524802-3773-40E4-89C8-264CCAE49FBD} = {BD714A4B-D292-4EF1-A836-583ECD423082}
	EndGlobalSection
	GlobalSection(ExtensibilityGlobals) = postSolution
		SolutionGuid = {64097BB6-55E5-43C2-BE61-D51D23829374}
	EndGlobalSection
EndGlobal
